
Microsoft Visual Studio Solution File, Format Version 12.00
# Visual Studio Version 17
VisualStudioVersion = 17.5.33502.453
MinimumVisualStudioVersion = 10.0.40219.1
Project("{FAE04EC0-301F-11D3-BF4B-00C04F79EFBC}") = "conveyorSystem", "conveyorSystem.csproj", "{E5BDF570-B673-487B-9366-0795773DD8F8}"
EndProject
Global
	GlobalSection(SolutionConfigurationPlatforms) = preSolution
		Debug|Any CPU = Debug|Any CPU
		Release|Any CPU = Release|Any CPU
	EndGlobalSection
	GlobalSection(ProjectConfigurationPlatforms) = postSolution
		{E5BDF570-B673-487B-9366-0795773DD8F8}.Debug|Any CPU.ActiveCfg = Debug|Any CPU
		{E5BDF570-B673-487B-9366-0795773DD8F8}.Debug|Any CPU.Build.0 = Debug|Any CPU
		{E5BDF570-B673-487B-9366-0795773DD8F8}.Release|Any CPU.ActiveCfg = Release|Any CPU
		{E5BDF570-B673-487B-9366-0795773DD8F8}.Release|Any CPU.Build.0 = Release|Any CPU
	EndGlobalSection
	GlobalSection(SolutionProperties) = preSolution
		HideSolutionNode = FALSE
	EndGlobalSection
	GlobalSection(ExtensibilityGlobals) = postSolution
		SolutionGuid = {8EE8A4A5-F42C-474E-B533-3B8DB8A09C61}
	EndGlobalSection
EndGlobal
